// !$*UTF8*$!
{
	archiveVersion = 1;
	classes = {
	};
	objectVersion = 56;
	objects = {

/* Begin PBXBuildFile section */
		4A02CD14293A8397006D12B1 /* CoolBeansApp.swift in Sources */ = {isa = PBXBuildFile; fileRef = 4A02CD13293A8397006D12B1 /* CoolBeansApp.swift */; };
		4A02CD16293A8397006D12B1 /* ContentView.swift in Sources */ = {isa = PBXBuildFile; fileRef = 4A02CD15293A8397006D12B1 /* ContentView.swift */; };
		4A02CD18293A8399006D12B1 /* Assets.xcassets in Resources */ = {isa = PBXBuildFile; fileRef = 4A02CD17293A8399006D12B1 /* Assets.xcassets */; };
		4A02CD1B293A8399006D12B1 /* Preview Assets.xcassets in Resources */ = {isa = PBXBuildFile; fileRef = 4A02CD1A293A8399006D12B1 /* Preview Assets.xcassets */; };
		4A02CD22293A83F6006D12B1 /* menu.json in Resources */ = {isa = PBXBuildFile; fileRef = 4A02CD21293A83F6006D12B1 /* menu.json */; };
		4A02CD24293A8487006D12B1 /* Drink.swift in Sources */ = {isa = PBXBuildFile; fileRef = 4A02CD23293A8487006D12B1 /* Drink.swift */; };
		4A02CD26293A8569006D12B1 /* MenuSection.swift in Sources */ = {isa = PBXBuildFile; fileRef = 4A02CD25293A8569006D12B1 /* MenuSection.swift */; };
		4A02CD28293A85AA006D12B1 /* Menu.swift in Sources */ = {isa = PBXBuildFile; fileRef = 4A02CD27293A85AA006D12B1 /* Menu.swift */; };
		4A02CD2A293A87B2006D12B1 /* MenuView.swift in Sources */ = {isa = PBXBuildFile; fileRef = 4A02CD29293A87B2006D12B1 /* MenuView.swift */; };
		4A02CD2C293A8CC7006D12B1 /* CustomizeView.swift in Sources */ = {isa = PBXBuildFile; fileRef = 4A02CD2B293A8CC7006D12B1 /* CustomizeView.swift */; };
		4A02CD2E293A90A6006D12B1 /* ConfigurationOption.swift in Sources */ = {isa = PBXBuildFile; fileRef = 4A02CD2D293A90A6006D12B1 /* ConfigurationOption.swift */; };
		4A77D3AE293B61C900478CEC /* Serving.swift in Sources */ = {isa = PBXBuildFile; fileRef = 4A77D3AD293B61C900478CEC /* Serving.swift */; };
		4A77D3B0293B62DF00478CEC /* FileManager-DocumentsDirectory.swift in Sources */ = {isa = PBXBuildFile; fileRef = 4A77D3AF293B62DF00478CEC /* FileManager-DocumentsDirectory.swift */; };
		4A77D3B2293B634400478CEC /* History.swift in Sources */ = {isa = PBXBuildFile; fileRef = 4A77D3B1293B634400478CEC /* History.swift */; };
/* End PBXBuildFile section */

/* Begin PBXFileReference section */
		4A02CD10293A8397006D12B1 /* CoolBeans.app */ = {isa = PBXFileReference; explicitFileType = wrapper.application; includeInIndex = 0; path = CoolBeans.app; sourceTree = BUILT_PRODUCTS_DIR; };
		4A02CD13293A8397006D12B1 /* CoolBeansApp.swift */ = {isa = PBXFileReference; lastKnownFileType = sourcecode.swift; path = CoolBeansApp.swift; sourceTree = "<group>"; };
		4A02CD15293A8397006D12B1 /* ContentView.swift */ = {isa = PBXFileReference; lastKnownFileType = sourcecode.swift; path = ContentView.swift; sourceTree = "<group>"; };
		4A02CD17293A8399006D12B1 /* Assets.xcassets */ = {isa = PBXFileReference; lastKnownFileType = folder.assetcatalog; path = Assets.xcassets; sourceTree = "<group>"; };
		4A02CD1A293A8399006D12B1 /* Preview Assets.xcassets */ = {isa = PBXFileReference; lastKnownFileType = folder.assetcatalog; path = "Preview Assets.xcassets"; sourceTree = "<group>"; };
		4A02CD21293A83F6006D12B1 /* menu.json */ = {isa = PBXFileReference; fileEncoding = 4; lastKnownFileType = text.json; path = menu.json; sourceTree = "<group>"; };
		4A02CD23293A8487006D12B1 /* Drink.swift */ = {isa = PBXFileReference; lastKnownFileType = sourcecode.swift; path = Drink.swift; sourceTree = "<group>"; };
		4A02CD25293A8569006D12B1 /* MenuSection.swift */ = {isa = PBXFileReference; lastKnownFileType = sourcecode.swift; path = MenuSection.swift; sourceTree = "<group>"; };
		4A02CD27293A85AA006D12B1 /* Menu.swift */ = {isa = PBXFileReference; lastKnownFileType = sourcecode.swift; path = Menu.swift; sourceTree = "<group>"; };
		4A02CD29293A87B2006D12B1 /* MenuView.swift */ = {isa = PBXFileReference; lastKnownFileType = sourcecode.swift; path = MenuView.swift; sourceTree = "<group>"; };
		4A02CD2B293A8CC7006D12B1 /* CustomizeView.swift */ = {isa = PBXFileReference; lastKnownFileType = sourcecode.swift; path = CustomizeView.swift; sourceTree = "<group>"; };
		4A02CD2D293A90A6006D12B1 /* ConfigurationOption.swift */ = {isa = PBXFileReference; lastKnownFileType = sourcecode.swift; path = ConfigurationOption.swift; sourceTree = "<group>"; };
		4A77D3AD293B61C900478CEC /* Serving.swift */ = {isa = PBXFileReference; lastKnownFileType = sourcecode.swift; path = Serving.swift; sourceTree = "<group>"; };
		4A77D3AF293B62DF00478CEC /* FileManager-DocumentsDirectory.swift */ = {isa = PBXFileReference; lastKnownFileType = sourcecode.swift; path = "FileManager-DocumentsDirectory.swift"; sourceTree = "<group>"; };
		4A77D3B1293B634400478CEC /* History.swift */ = {isa = PBXFileReference; lastKnownFileType = sourcecode.swift; path = History.swift; sourceTree = "<group>"; };
/* End PBXFileReference section */

/* Begin PBXFrameworksBuildPhase section */
		4A02CD0D293A8397006D12B1 /* Frameworks */ = {
			isa = PBXFrameworksBuildPhase;
			buildActionMask = 2147483647;
			files = (
			);
			runOnlyForDeploymentPostprocessing = 0;
		};
/* End PBXFrameworksBuildPhase section */

/* Begin PBXGroup section */
		4A02CD07293A8397006D12B1 = {
			isa = PBXGroup;
			children = (
				4A02CD12293A8397006D12B1 /* CoolBeans */,
				4A02CD11293A8397006D12B1 /* Products */,
			);
			sourceTree = "<group>";
		};
		4A02CD11293A8397006D12B1 /* Products */ = {
			isa = PBXGroup;
			children = (
				4A02CD10293A8397006D12B1 /* CoolBeans.app */,
			);
			name = Products;
			sourceTree = "<group>";
		};
		4A02CD12293A8397006D12B1 /* CoolBeans */ = {
			isa = PBXGroup;
			children = (
				4A02CD13293A8397006D12B1 /* CoolBeansApp.swift */,
				4A02CD15293A8397006D12B1 /* ContentView.swift */,
				4A02CD29293A87B2006D12B1 /* MenuView.swift */,
				4A02CD2B293A8CC7006D12B1 /* CustomizeView.swift */,
				4A02CD23293A8487006D12B1 /* Drink.swift */,
				4A77D3AD293B61C900478CEC /* Serving.swift */,
				4A77D3AF293B62DF00478CEC /* FileManager-DocumentsDirectory.swift */,
				4A77D3B1293B634400478CEC /* History.swift */,
				4A02CD2D293A90A6006D12B1 /* ConfigurationOption.swift */,
				4A02CD25293A8569006D12B1 /* MenuSection.swift */,
				4A02CD27293A85AA006D12B1 /* Menu.swift */,
				4A02CD17293A8399006D12B1 /* Assets.xcassets */,
				4A02CD21293A83F6006D12B1 /* menu.json */,
				4A02CD19293A8399006D12B1 /* Preview Content */,
			);
			path = CoolBeans;
			sourceTree = "<group>";
		};
		4A02CD19293A8399006D12B1 /* Preview Content */ = {
			isa = PBXGroup;
			children = (
				4A02CD1A293A8399006D12B1 /* Preview Assets.xcassets */,
			);
			path = "Preview Content";
			sourceTree = "<group>";
		};
/* End PBXGroup section */

/* Begin PBXNativeTarget section */
		4A02CD0F293A8397006D12B1 /* CoolBeans */ = {
			isa = PBXNativeTarget;
			buildConfigurationList = 4A02CD1E293A8399006D12B1 /* Build configuration list for PBXNativeTarget "CoolBeans" */;
			buildPhases = (
				4A02CD0C293A8397006D12B1 /* Sources */,
				4A02CD0D293A8397006D12B1 /* Frameworks */,
				4A02CD0E293A8397006D12B1 /* Resources */,
			);
			buildRules = (
			);
			dependencies = (
			);
			name = CoolBeans;
			productName = CoolBeans;
			productReference = 4A02CD10293A8397006D12B1 /* CoolBeans.app */;
			productType = "com.apple.product-type.application";
		};
/* End PBXNativeTarget section */

/* Begin PBXProject section */
		4A02CD08293A8397006D12B1 /* Project object */ = {
			isa = PBXProject;
			attributes = {
				BuildIndependentTargetsInParallel = 1;
				LastSwiftUpdateCheck = 1410;
				LastUpgradeCheck = 1410;
				TargetAttributes = {
					4A02CD0F293A8397006D12B1 = {
						CreatedOnToolsVersion = 14.1;
					};
				};
			};
			buildConfigurationList = 4A02CD0B293A8397006D12B1 /* Build configuration list for PBXProject "CoolBeans" */;
			compatibilityVersion = "Xcode 14.0";
			developmentRegion = en;
			hasScannedForEncodings = 0;
			knownRegions = (
				en,
				Base,
			);
			mainGroup = 4A02CD07293A8397006D12B1;
			productRefGroup = 4A02CD11293A8397006D12B1 /* Products */;
			projectDirPath = "";
			projectRoot = "";
			targets = (
				4A02CD0F293A8397006D12B1 /* CoolBeans */,
			);
		};
/* End PBXProject section */

/* Begin PBXResourcesBuildPhase section */
		4A02CD0E293A8397006D12B1 /* Resources */ = {
			isa = PBXResourcesBuildPhase;
			buildActionMask = 2147483647;
			files = (
				4A02CD22293A83F6006D12B1 /* menu.json in Resources */,
				4A02CD1B293A8399006D12B1 /* Preview Assets.xcassets in Resources */,
				4A02CD18293A8399006D12B1 /* Assets.xcassets in Resources */,
			);
			runOnlyForDeploymentPostprocessing = 0;
		};
/* End PBXResourcesBuildPhase section */

/* Begin PBXSourcesBuildPhase section */
		4A02CD0C293A8397006D12B1 /* Sources */ = {
			isa = PBXSourcesBuildPhase;
			buildActionMask = 2147483647;
			files = (
				4A02CD16293A8397006D12B1 /* ContentView.swift in Sources */,
				4A02CD2A293A87B2006D12B1 /* MenuView.swift in Sources */,
				4A02CD24293A8487006D12B1 /* Drink.swift in Sources */,
				4A77D3B2293B634400478CEC /* History.swift in Sources */,
				4A02CD26293A8569006D12B1 /* MenuSection.swift in Sources */,
				4A02CD14293A8397006D12B1 /* CoolBeansApp.swift in Sources */,
				4A02CD2E293A90A6006D12B1 /* ConfigurationOption.swift in Sources */,
				4A77D3B0293B62DF00478CEC /* FileManager-DocumentsDirectory.swift in Sources */,
				4A02CD2C293A8CC7006D12B1 /* CustomizeView.swift in Sources */,
				4A02CD28293A85AA006D12B1 /* Menu.swift in Sources */,
				4A77D3AE293B61C900478CEC /* Serving.swift in Sources */,
			);
			runOnlyForDeploymentPostprocessing = 0;
		};
/* End PBXSourcesBuildPhase section */

/* Begin XCBuildConfiguration section */
		4A02CD1C293A8399006D12B1 /* Debug */ = {
			isa = XCBuildConfiguration;
			buildSettings = {
				ALWAYS_SEARCH_USER_PATHS = NO;
				CLANG_ANALYZER_NONNULL = YES;
				CLANG_ANALYZER_NUMBER_OBJECT_CONVERSION = YES_AGGRESSIVE;
				CLANG_CXX_LANGUAGE_STANDARD = "gnu++20";
				CLANG_ENABLE_MODULES = YES;
				CLANG_ENABLE_OBJC_ARC = YES;
				CLANG_ENABLE_OBJC_WEAK = YES;
				CLANG_WARN_BLOCK_CAPTURE_AUTORELEASING = YES;
				CLANG_WARN_BOOL_CONVERSION = YES;
				CLANG_WARN_COMMA = YES;
				CLANG_WARN_CONSTANT_CONVERSION = YES;
				CLANG_WARN_DEPRECATED_OBJC_IMPLEMENTATIONS = YES;
				CLANG_WARN_DIRECT_OBJC_ISA_USAGE = YES_ERROR;
				CLANG_WARN_DOCUMENTATION_COMMENTS = YES;
				CLANG_WARN_EMPTY_BODY = YES;
				CLANG_WARN_ENUM_CONVERSION = YES;
				CLANG_WARN_INFINITE_RECURSION = YES;
				CLANG_WARN_INT_CONVERSION = YES;
				CLANG_WARN_NON_LITERAL_NULL_CONVERSION = YES;
				CLANG_WARN_OBJC_IMPLICIT_RETAIN_SELF = YES;
				CLANG_WARN_OBJC_LITERAL_CONVERSION = YES;
				CLANG_WARN_OBJC_ROOT_CLASS = YES_ERROR;
				CLANG_WARN_QUOTED_INCLUDE_IN_FRAMEWORK_HEADER = YES;
				CLANG_WARN_RANGE_LOOP_ANALYSIS = YES;
				CLANG_WARN_STRICT_PROTOTYPES = YES;
				CLANG_WARN_SUSPICIOUS_MOVE = YES;
				CLANG_WARN_UNGUARDED_AVAILABILITY = YES_AGGRESSIVE;
				CLANG_WARN_UNREACHABLE_CODE = YES;
				CLANG_WARN__DUPLICATE_METHOD_MATCH = YES;
				COPY_PHASE_STRIP = NO;
				DEBUG_INFORMATION_FORMAT = dwarf;
				ENABLE_STRICT_OBJC_MSGSEND = YES;
				ENABLE_TESTABILITY = YES;
				GCC_C_LANGUAGE_STANDARD = gnu11;
				GCC_DYNAMIC_NO_PIC = NO;
				GCC_NO_COMMON_BLOCKS = YES;
				GCC_OPTIMIZATION_LEVEL = 0;
				GCC_PREPROCESSOR_DEFINITIONS = (
					"DEBUG=1",
					"$(inherited)",
				);
				GCC_WARN_64_TO_32_BIT_CONVERSION = YES;
				GCC_WARN_ABOUT_RETURN_TYPE = YES_ERROR;
				GCC_WARN_UNDECLARED_SELECTOR = YES;
				GCC_WARN_UNINITIALIZED_AUTOS = YES_AGGRESSIVE;
				GCC_WARN_UNUSED_FUNCTION = YES;
				GCC_WARN_UNUSED_VARIABLE = YES;
				IPHONEOS_DEPLOYMENT_TARGET = 16.1;
				MTL_ENABLE_DEBUG_INFO = INCLUDE_SOURCE;
				MTL_FAST_MATH = YES;
				ONLY_ACTIVE_ARCH = YES;
				SDKROOT = iphoneos;
				SWIFT_ACTIVE_COMPILATION_CONDITIONS = DEBUG;
				SWIFT_OPTIMIZATION_LEVEL = "-Onone";
			};
			name = Debug;
		};
		4A02CD1D293A8399006D12B1 /* Release */ = {
			isa = XCBuildConfiguration;
			buildSettings = {
				ALWAYS_SEARCH_USER_PATHS = NO;
				CLANG_ANALYZER_NONNULL = YES;
				CLANG_ANALYZER_NUMBER_OBJECT_CONVERSION = YES_AGGRESSIVE;
				CLANG_CXX_LANGUAGE_STANDARD = "gnu++20";
				CLANG_ENABLE_MODULES = YES;
				CLANG_ENABLE_OBJC_ARC = YES;
				CLANG_ENABLE_OBJC_WEAK = YES;
				CLANG_WARN_BLOCK_CAPTURE_AUTORELEASING = YES;
				CLANG_WARN_BOOL_CONVERSION = YES;
				CLANG_WARN_COMMA = YES;
				CLANG_WARN_CONSTANT_CONVERSION = YES;
				CLANG_WARN_DEPRECATED_OBJC_IMPLEMENTATIONS = YES;
				CLANG_WARN_DIRECT_OBJC_ISA_USAGE = YES_ERROR;
				CLANG_WARN_DOCUMENTATION_COMMENTS = YES;
				CLANG_WARN_EMPTY_BODY = YES;
				CLANG_WARN_ENUM_CONVERSION = YES;
				CLANG_WARN_INFINITE_RECURSION = YES;
				CLANG_WARN_INT_CONVERSION = YES;
				CLANG_WARN_NON_LITERAL_NULL_CONVERSION = YES;
				CLANG_WARN_OBJC_IMPLICIT_RETAIN_SELF = YES;
				CLANG_WARN_OBJC_LITERAL_CONVERSION = YES;
				CLANG_WARN_OBJC_ROOT_CLASS = YES_ERROR;
				CLANG_WARN_QUOTED_INCLUDE_IN_FRAMEWORK_HEADER = YES;
				CLANG_WARN_RANGE_LOOP_ANALYSIS = YES;
				CLANG_WARN_STRICT_PROTOTYPES = YES;
				CLANG_WARN_SUSPICIOUS_MOVE = YES;
				CLANG_WARN_UNGUARDED_AVAILABILITY = YES_AGGRESSIVE;
				CLANG_WARN_UNREACHABLE_CODE = YES;
				CLANG_WARN__DUPLICATE_METHOD_MATCH = YES;
				COPY_PHASE_STRIP = NO;
				DEBUG_INFORMATION_FORMAT = "dwarf-with-dsym";
				ENABLE_NS_ASSERTIONS = NO;
				ENABLE_STRICT_OBJC_MSGSEND = YES;
				GCC_C_LANGUAGE_STANDARD = gnu11;
				GCC_NO_COMMON_BLOCKS = YES;
				GCC_WARN_64_TO_32_BIT_CONVERSION = YES;
				GCC_WARN_ABOUT_RETURN_TYPE = YES_ERROR;
				GCC_WARN_UNDECLARED_SELECTOR = YES;
				GCC_WARN_UNINITIALIZED_AUTOS = YES_AGGRESSIVE;
				GCC_WARN_UNUSED_FUNCTION = YES;
				GCC_WARN_UNUSED_VARIABLE = YES;
				IPHONEOS_DEPLOYMENT_TARGET = 16.1;
				MTL_ENABLE_DEBUG_INFO = NO;
				MTL_FAST_MATH = YES;
				SDKROOT = iphoneos;
				SWIFT_COMPILATION_MODE = wholemodule;
				SWIFT_OPTIMIZATION_LEVEL = "-O";
				VALIDATE_PRODUCT = YES;
			};
			name = Release;
		};
		4A02CD1F293A8399006D12B1 /* Debug */ = {
			isa = XCBuildConfiguration;
			buildSettings = {
				ASSETCATALOG_COMPILER_APPICON_NAME = AppIcon;
				ASSETCATALOG_COMPILER_GLOBAL_ACCENT_COLOR_NAME = AccentColor;
				CODE_SIGN_STYLE = Automatic;
				CURRENT_PROJECT_VERSION = 1;
				DEVELOPMENT_ASSET_PATHS = "\"CoolBeans/Preview Content\"";
				DEVELOPMENT_TEAM = PMUCGBJYJT;
				ENABLE_PREVIEWS = YES;
				GENERATE_INFOPLIST_FILE = YES;
				INFOPLIST_KEY_UIApplicationSceneManifest_Generation = YES;
				INFOPLIST_KEY_UIApplicationSupportsIndirectInputEvents = YES;
				INFOPLIST_KEY_UILaunchScreen_Generation = YES;
				INFOPLIST_KEY_UISupportedInterfaceOrientations_iPad = "UIInterfaceOrientationPortrait UIInterfaceOrientationPortraitUpsideDown UIInterfaceOrientationLandscapeLeft UIInterfaceOrientationLandscapeRight";
				INFOPLIST_KEY_UISupportedInterfaceOrientations_iPhone = "UIInterfaceOrientationPortrait UIInterfaceOrientationLandscapeLeft UIInterfaceOrientationLandscapeRight";
				LD_RUNPATH_SEARCH_PATHS = (
					"$(inherited)",
					"@executable_path/Frameworks",
				);
				MARKETING_VERSION = 1.0;
				PRODUCT_BUNDLE_IDENTIFIER = com.venturelive.CoolBeans;
				PRODUCT_NAME = "$(TARGET_NAME)";
				SWIFT_EMIT_LOC_STRINGS = YES;
				SWIFT_VERSION = 5.0;
				TARGETED_DEVICE_FAMILY = "1,2";
			};
			name = Debug;
		};
		4A02CD20293A8399006D12B1 /* Release */ = {
			isa = XCBuildConfiguration;
			buildSettings = {
				ASSETCATALOG_COMPILER_APPICON_NAME = AppIcon;
				ASSETCATALOG_COMPILER_GLOBAL_ACCENT_COLOR_NAME = AccentColor;
				CODE_SIGN_STYLE = Automatic;
				CURRENT_PROJECT_VERSION = 1;
				DEVELOPMENT_ASSET_PATHS = "\"CoolBeans/Preview Content\"";
				DEVELOPMENT_TEAM = PMUCGBJYJT;
				ENABLE_PREVIEWS = YES;
				GENERATE_INFOPLIST_FILE = YES;
				INFOPLIST_KEY_UIApplicationSceneManifest_Generation = YES;
				INFOPLIST_KEY_UIApplicationSupportsIndirectInputEvents = YES;
				INFOPLIST_KEY_UILaunchScreen_Generation = YES;
				INFOPLIST_KEY_UISupportedInterfaceOrientations_iPad = "UIInterfaceOrientationPortrait UIInterfaceOrientationPortraitUpsideDown UIInterfaceOrientationLandscapeLeft UIInterfaceOrientationLandscapeRight";
				INFOPLIST_KEY_UISupportedInterfaceOrientations_iPhone = "UIInterfaceOrientationPortrait UIInterfaceOrientationLandscapeLeft UIInterfaceOrientationLandscapeRight";
				LD_RUNPATH_SEARCH_PATHS = (
					"$(inherited)",
					"@executable_path/Frameworks",
				);
				MARKETING_VERSION = 1.0;
				PRODUCT_BUNDLE_IDENTIFIER = com.venturelive.CoolBeans;
				PRODUCT_NAME = "$(TARGET_NAME)";
				SWIFT_EMIT_LOC_STRINGS = YES;
				SWIFT_VERSION = 5.0;
				TARGETED_DEVICE_FAMILY = "1,2";
			};
			name = Release;
		};
/* End XCBuildConfiguration section */

/* Begin XCConfigurationList section */
		4A02CD0B293A8397006D12B1 /* Build configuration list for PBXProject "CoolBeans" */ = {
			isa = XCConfigurationList;
			buildConfigurations = (
				4A02CD1C293A8399006D12B1 /* Debug */,
				4A02CD1D293A8399006D12B1 /* Release */,
			);
			defaultConfigurationIsVisible = 0;
			defaultConfigurationName = Release;
		};
		4A02CD1E293A8399006D12B1 /* Build configuration list for PBXNativeTarget "CoolBeans" */ = {
			isa = XCConfigurationList;
			buildConfigurations = (
				4A02CD1F293A8399006D12B1 /* Debug */,
				4A02CD20293A8399006D12B1 /* Release */,
			);
			defaultConfigurationIsVisible = 0;
			defaultConfigurationName = Release;
		};
/* End XCConfigurationList section */
	};
	rootObject = 4A02CD08293A8397006D12B1 /* Project object */;
}
